
Microsoft Visual Studio Solution File, Format Version 12.00
# Visual Studio Version 16
VisualStudioVersion = 16.0.30114.105
MinimumVisualStudioVersion = 10.0.40219.1
Project("{9A19103F-16F7-4668-BE54-9A1E7A4F7556}") = "Halma.TesterUI", "Halma.TesterUI\Halma.TesterUI.csproj", "{A34917B6-9DCD-48E6-873D-122C0013ACD9}"
EndProject
Project("{9A19103F-16F7-4668-BE54-9A1E7A4F7556}") = "Halma.Logic", "Halma.Logic\Halma.Logic.csproj", "{04F514E0-10F0-40AE-A726-14721CE1B730}"
EndProject
Project("{9A19103F-16F7-4668-BE54-9A1E7A4F7556}") = "Halma.WFormsGUI", "Halma.WFormsGUI\Halma.WFormsGUI.csproj", "{2C0BBA92-B389-4C87-85B9-3FB65375E7CF}"
EndProject
Global
	GlobalSection(SolutionConfigurationPlatforms) = preSolution
		Debug|Any CPU = Debug|Any CPU
		Debug|x64 = Debug|x64
		Debug|x86 = Debug|x86
		Release|Any CPU = Release|Any CPU
		Release|x64 = Release|x64
		Release|x86 = Release|x86
	EndGlobalSection
	GlobalSection(ProjectConfigurationPlatforms) = postSolution
		{A34917B6-9DCD-48E6-873D-122C0013ACD9}.Debug|Any CPU.ActiveCfg = Debug|Any CPU
		{A34917B6-9DCD-48E6-873D-122C0013ACD9}.Debug|Any CPU.Build.0 = Debug|Any CPU
		{A34917B6-9DCD-48E6-873D-122C0013ACD9}.Debug|x64.ActiveCfg = Debug|Any CPU
		{A34917B6-9DCD-48E6-873D-122C0013ACD9}.Debug|x64.Build.0 = Debug|Any CPU
		{A34917B6-9DCD-48E6-873D-122C0013ACD9}.Debug|x86.ActiveCfg = Debug|Any CPU
		{A34917B6-9DCD-48E6-873D-122C0013ACD9}.Debug|x86.Build.0 = Debug|Any CPU
		{A34917B6-9DCD-48E6-873D-122C0013ACD9}.Release|Any CPU.ActiveCfg = Release|Any CPU
		{A34917B6-9DCD-48E6-873D-122C0013ACD9}.Release|Any CPU.Build.0 = Release|Any CPU
		{A34917B6-9DCD-48E6-873D-122C0013ACD9}.Release|x64.ActiveCfg = Release|Any CPU
		{A34917B6-9DCD-48E6-873D-122C0013ACD9}.Release|x64.Build.0 = Release|Any CPU
		{A34917B6-9DCD-48E6-873D-122C0013ACD9}.Release|x86.ActiveCfg = Release|Any CPU
		{A34917B6-9DCD-48E6-873D-122C0013ACD9}.Release|x86.Build.0 = Release|Any CPU
		{04F514E0-10F0-40AE-A726-14721CE1B730}.Debug|Any CPU.ActiveCfg = Debug|Any CPU
		{04F514E0-10F0-40AE-A726-14721CE1B730}.Debug|Any CPU.Build.0 = Debug|Any CPU
		{04F514E0-10F0-40AE-A726-14721CE1B730}.Debug|x64.ActiveCfg = Debug|Any CPU
		{04F514E0-10F0-40AE-A726-14721CE1B730}.Debug|x64.Build.0 = Debug|Any CPU
		{04F514E0-10F0-40AE-A726-14721CE1B730}.Debug|x86.ActiveCfg = Debug|Any CPU
		{04F514E0-10F0-40AE-A726-14721CE1B730}.Debug|x86.Build.0 = Debug|Any CPU
		{04F514E0-10F0-40AE-A726-14721CE1B730}.Release|Any CPU.ActiveCfg = Release|Any CPU
		{04F514E0-10F0-40AE-A726-14721CE1B730}.Release|Any CPU.Build.0 = Release|Any CPU
		{04F514E0-10F0-40AE-A726-14721CE1B730}.Release|x64.ActiveCfg = Release|Any CPU
		{04F514E0-10F0-40AE-A726-14721CE1B730}.Release|x64.Build.0 = Release|Any CPU
		{04F514E0-10F0-40AE-A726-14721CE1B730}.Release|x86.ActiveCfg = Release|Any CPU
		{04F514E0-10F0-40AE-A726-14721CE1B730}.Release|x86.Build.0 = Release|Any CPU
		{2C0BBA92-B389-4C87-85B9-3FB65375E7CF}.Debug|Any CPU.ActiveCfg = Debug|Any CPU
		{2C0BBA92-B389-4C87-85B9-3FB65375E7CF}.Debug|Any CPU.Build.0 = Debug|Any CPU
		{2C0BBA92-B389-4C87-85B9-3FB65375E7CF}.Debug|x64.ActiveCfg = Debug|Any CPU
		{2C0BBA92-B389-4C87-85B9-3FB65375E7CF}.Debug|x64.Build.0 = Debug|Any CPU
		{2C0BBA92-B389-4C87-85B9-3FB65375E7CF}.Debug|x86.ActiveCfg = Debug|Any CPU
		{2C0BBA92-B389-4C87-85B9-3FB65375E7CF}.Debug|x86.Build.0 = Debug|Any CPU
		{2C0BBA92-B389-4C87-85B9-3FB65375E7CF}.Release|Any CPU.ActiveCfg = Release|Any CPU
		{2C0BBA92-B389-4C87-85B9-3FB65375E7CF}.Release|Any CPU.Build.0 = Release|Any CPU
		{2C0BBA92-B389-4C87-85B9-3FB65375E7CF}.Release|x64.ActiveCfg = Release|Any CPU
		{2C0BBA92-B389-4C87-85B9-3FB65375E7CF}.Release|x64.Build.0 = Release|Any CPU
		{2C0BBA92-B389-4C87-85B9-3FB65375E7CF}.Release|x86.ActiveCfg = Release|Any CPU
		{2C0BBA92-B389-4C87-85B9-3FB65375E7CF}.Release|x86.Build.0 = Release|Any CPU
	EndGlobalSection
	GlobalSection(SolutionProperties) = preSolution
		HideSolutionNode = FALSE
	EndGlobalSection
	GlobalSection(ExtensibilityGlobals) = postSolution
		SolutionGuid = {19178A2A-46D3-4711-9824-AC63A9598D6A}
	EndGlobalSection
EndGlobal
